
Microsoft Visual Studio Solution File, Format Version 12.00
# Visual Studio 15
VisualStudioVersion = 15.0.28307.572
MinimumVisualStudioVersion = 10.0.40219.1
Project("{159641D6-6404-4A2A-AE62-294DE0FE8301}") = "Exercises", "Exercises\Exercises.dtproj", "{DD1178DF-8B1C-4047-9802-3756028CF8E5}"
EndProject
Global
	GlobalSection(SolutionConfigurationPlatforms) = preSolution
		Development|Default = Development|Default
	EndGlobalSection
	GlobalSection(ProjectConfigurationPlatforms) = postSolution
		{DD1178DF-8B1C-4047-9802-3756028CF8E5}.Development|Default.ActiveCfg = Development
		{DD1178DF-8B1C-4047-9802-3756028CF8E5}.Development|Default.Build.0 = Development
	EndGlobalSection
	GlobalSection(SolutionProperties) = preSolution
		HideSolutionNode = FALSE
	EndGlobalSection
	GlobalSection(ExtensibilityGlobals) = postSolution
		SolutionGuid = {9A93DFEA-313F-4110-8008-BD76E080E459}
	EndGlobalSection
EndGlobal
